
Microsoft Visual Studio Solution File, Format Version 12.00
# Visual Studio Version 16
VisualStudioVersion = 25.0.1706.6
MinimumVisualStudioVersion = 10.0.40219.1
Project("{2150E333-8FDC-42A3-9474-1A3956D46DE8}") = "Services", "Services", "{4532D5C9-1EF8-4B25-B7ED-2019BC201A9B}"
EndProject
Project("{2150E333-8FDC-42A3-9474-1A3956D46DE8}") = "Discount", "Discount", "{FF90610B-7D4E-41BA-99D9-4141B715AB98}"
EndProject
Project("{FAE04EC0-301F-11D3-BF4B-00C04F79EFBC}") = "Discount.API", "src\Services\Discount\Discount.API\Discount.API.csproj", "{38BAE47C-4776-40D6-B96E-E8BBD5F3E4D6}"
EndProject
Project("{FAE04EC0-301F-11D3-BF4B-00C04F79EFBC}") = "Discount.Grpc", "src\Services\Discount\Discount.Grpc\Discount.Grpc.csproj", "{CBE339AB-E1CC-42D4-BFE9-E2EF8CB8110B}"
EndProject
Project("{2150E333-8FDC-42A3-9474-1A3956D46DE8}") = "Basket", "Basket", "{F5BFF0DA-CB63-44BC-AD23-D11842F3CFA3}"
EndProject
Project("{FAE04EC0-301F-11D3-BF4B-00C04F79EFBC}") = "Basket.API", "src\Services\Basket\Basket.API\Basket.API.csproj", "{9A413576-9C8D-4BE4-9550-6E82FCADC956}"
EndProject
Project("{2150E333-8FDC-42A3-9474-1A3956D46DE8}") = "Catalog", "Catalog", "{17578471-6FAA-461C-834D-3CE8A757A69A}"
EndProject
Project("{FAE04EC0-301F-11D3-BF4B-00C04F79EFBC}") = "Catalog.API", "src\Services\Catalog\Catalog.API\Catalog.API.csproj", "{19DA2169-85B0-4604-A32E-9B5E1C1417DA}"
EndProject
Project("{2150E333-8FDC-42A3-9474-1A3956D46DE8}") = "Order", "Order", "{E64FD4C7-B409-4FC3-92EE-B8BE6974CC91}"
EndProject
Project("{FAE04EC0-301F-11D3-BF4B-00C04F79EFBC}") = "Order.Domain", "src\Services\Order\Order.Domain\Order.Domain.csproj", "{C62CB7E9-D30B-48E0-B488-A5C1ED9684D6}"
EndProject
Project("{FAE04EC0-301F-11D3-BF4B-00C04F79EFBC}") = "Order.Application", "src\Services\Order\Order.Application\Order.Application.csproj", "{4FCD0AB3-7539-4650-975C-FADCF28309AE}"
EndProject
Project("{FAE04EC0-301F-11D3-BF4B-00C04F79EFBC}") = "Order.Infrastructure", "src\Services\Order\Order.Infrastructure\Order.Infrastructure.csproj", "{2EC9CD80-A0CC-4834-8170-439B626DEC25}"
EndProject
Project("{FAE04EC0-301F-11D3-BF4B-00C04F79EFBC}") = "Order.Rest", "src\Services\Order\Order.Rest\Order.Rest.csproj", "{A23CC726-CD18-4FBF-A65E-B389B015051B}"
EndProject
Project("{2150E333-8FDC-42A3-9474-1A3956D46DE8}") = "BuildingBlocks", "BuildingBlocks", "{E46028BE-B24C-4249-B54B-5D2B80687A32}"
EndProject
Project("{FAE04EC0-301F-11D3-BF4B-00C04F79EFBC}") = "EventBus.Messages", "src\BuildingBlocks\EventBus.Messages\EventBus.Messages.csproj", "{100F9CCF-72D8-4F8D-94A0-2E519231BF6A}"
EndProject
Project("{2150E333-8FDC-42A3-9474-1A3956D46DE8}") = "ApiGateways", "ApiGateways", "{1CC64C57-500B-4069-81BC-1F40A656D1A5}"
EndProject
Project("{FAE04EC0-301F-11D3-BF4B-00C04F79EFBC}") = "OcelotApiGateway", "src\ApiGateways\OcelotApiGateway\OcelotApiGateway.csproj", "{FA0185CA-9D3C-4EBA-8FD9-EE41CF55B6E9}"
EndProject
Project("{FAE04EC0-301F-11D3-BF4B-00C04F79EFBC}") = "Shopping.Aggregator", "src\ApiGateways\Shopping.Aggregator\Shopping.Aggregator.csproj", "{462BD6D7-BCFF-4075-B55E-59F9438639D6}"
EndProject
Project("{2150E333-8FDC-42A3-9474-1A3956D46DE8}") = "WebApps", "WebApps", "{636808BA-08F8-441E-8FD6-2EC3083F25AD}"
EndProject
Project("{FAE04EC0-301F-11D3-BF4B-00C04F79EFBC}") = "Shopping.WebApp", "src\WebApps\Shopping.WebApp\Shopping.WebApp.csproj", "{639994E6-E5F0-405A-8C4F-549AB92BB131}"
EndProject
Project("{E53339B2-1760-4266-BCC7-CA923CBCF16C}") = "docker-compose", "docker-compose.dcproj", "{43D6B0BD-C0B7-4D52-909D-92759E99248A}"
EndProject
Project("{2150E333-8FDC-42A3-9474-1A3956D46DE8}") = "src", "src", "{DA87481D-0A5F-4EB6-ACA1-EFB3E62CC562}"
EndProject
Global
	GlobalSection(SolutionConfigurationPlatforms) = preSolution
		Debug|Any CPU = Debug|Any CPU
		Release|Any CPU = Release|Any CPU
	EndGlobalSection
	GlobalSection(ProjectConfigurationPlatforms) = postSolution
		{38BAE47C-4776-40D6-B96E-E8BBD5F3E4D6}.Debug|Any CPU.ActiveCfg = Debug|Any CPU
		{38BAE47C-4776-40D6-B96E-E8BBD5F3E4D6}.Debug|Any CPU.Build.0 = Debug|Any CPU
		{38BAE47C-4776-40D6-B96E-E8BBD5F3E4D6}.Release|Any CPU.ActiveCfg = Release|Any CPU
		{38BAE47C-4776-40D6-B96E-E8BBD5F3E4D6}.Release|Any CPU.Build.0 = Release|Any CPU
		{CBE339AB-E1CC-42D4-BFE9-E2EF8CB8110B}.Debug|Any CPU.ActiveCfg = Debug|Any CPU
		{CBE339AB-E1CC-42D4-BFE9-E2EF8CB8110B}.Debug|Any CPU.Build.0 = Debug|Any CPU
		{CBE339AB-E1CC-42D4-BFE9-E2EF8CB8110B}.Release|Any CPU.ActiveCfg = Release|Any CPU
		{CBE339AB-E1CC-42D4-BFE9-E2EF8CB8110B}.Release|Any CPU.Build.0 = Release|Any CPU
		{9A413576-9C8D-4BE4-9550-6E82FCADC956}.Debug|Any CPU.ActiveCfg = Debug|Any CPU
		{9A413576-9C8D-4BE4-9550-6E82FCADC956}.Debug|Any CPU.Build.0 = Debug|Any CPU
		{9A413576-9C8D-4BE4-9550-6E82FCADC956}.Release|Any CPU.ActiveCfg = Release|Any CPU
		{9A413576-9C8D-4BE4-9550-6E82FCADC956}.Release|Any CPU.Build.0 = Release|Any CPU
		{19DA2169-85B0-4604-A32E-9B5E1C1417DA}.Debug|Any CPU.ActiveCfg = Debug|Any CPU
		{19DA2169-85B0-4604-A32E-9B5E1C1417DA}.Debug|Any CPU.Build.0 = Debug|Any CPU
		{19DA2169-85B0-4604-A32E-9B5E1C1417DA}.Release|Any CPU.ActiveCfg = Release|Any CPU
		{19DA2169-85B0-4604-A32E-9B5E1C1417DA}.Release|Any CPU.Build.0 = Release|Any CPU
		{C62CB7E9-D30B-48E0-B488-A5C1ED9684D6}.Debug|Any CPU.ActiveCfg = Debug|Any CPU
		{C62CB7E9-D30B-48E0-B488-A5C1ED9684D6}.Debug|Any CPU.Build.0 = Debug|Any CPU
		{C62CB7E9-D30B-48E0-B488-A5C1ED9684D6}.Release|Any CPU.ActiveCfg = Release|Any CPU
		{C62CB7E9-D30B-48E0-B488-A5C1ED9684D6}.Release|Any CPU.Build.0 = Release|Any CPU
		{4FCD0AB3-7539-4650-975C-FADCF28309AE}.Debug|Any CPU.ActiveCfg = Debug|Any CPU
		{4FCD0AB3-7539-4650-975C-FADCF28309AE}.Debug|Any CPU.Build.0 = Debug|Any CPU
		{4FCD0AB3-7539-4650-975C-FADCF28309AE}.Release|Any CPU.ActiveCfg = Release|Any CPU
		{4FCD0AB3-7539-4650-975C-FADCF28309AE}.Release|Any CPU.Build.0 = Release|Any CPU
		{2EC9CD80-A0CC-4834-8170-439B626DEC25}.Debug|Any CPU.ActiveCfg = Debug|Any CPU
		{2EC9CD80-A0CC-4834-8170-439B626DEC25}.Debug|Any CPU.Build.0 = Debug|Any CPU
		{2EC9CD80-A0CC-4834-8170-439B626DEC25}.Release|Any CPU.ActiveCfg = Release|Any CPU
		{2EC9CD80-A0CC-4834-8170-439B626DEC25}.Release|Any CPU.Build.0 = Release|Any CPU
		{A23CC726-CD18-4FBF-A65E-B389B015051B}.Debug|Any CPU.ActiveCfg = Debug|Any CPU
		{A23CC726-CD18-4FBF-A65E-B389B015051B}.Debug|Any CPU.Build.0 = Debug|Any CPU
		{A23CC726-CD18-4FBF-A65E-B389B015051B}.Release|Any CPU.ActiveCfg = Release|Any CPU
		{A23CC726-CD18-4FBF-A65E-B389B015051B}.Release|Any CPU.Build.0 = Release|Any CPU
		{100F9CCF-72D8-4F8D-94A0-2E519231BF6A}.Debug|Any CPU.ActiveCfg = Debug|Any CPU
		{100F9CCF-72D8-4F8D-94A0-2E519231BF6A}.Debug|Any CPU.Build.0 = Debug|Any CPU
		{100F9CCF-72D8-4F8D-94A0-2E519231BF6A}.Release|Any CPU.ActiveCfg = Release|Any CPU
		{100F9CCF-72D8-4F8D-94A0-2E519231BF6A}.Release|Any CPU.Build.0 = Release|Any CPU
		{FA0185CA-9D3C-4EBA-8FD9-EE41CF55B6E9}.Debug|Any CPU.ActiveCfg = Debug|Any CPU
		{FA0185CA-9D3C-4EBA-8FD9-EE41CF55B6E9}.Debug|Any CPU.Build.0 = Debug|Any CPU
		{FA0185CA-9D3C-4EBA-8FD9-EE41CF55B6E9}.Release|Any CPU.ActiveCfg = Release|Any CPU
		{FA0185CA-9D3C-4EBA-8FD9-EE41CF55B6E9}.Release|Any CPU.Build.0 = Release|Any CPU
		{462BD6D7-BCFF-4075-B55E-59F9438639D6}.Debug|Any CPU.ActiveCfg = Debug|Any CPU
		{462BD6D7-BCFF-4075-B55E-59F9438639D6}.Debug|Any CPU.Build.0 = Debug|Any CPU
		{462BD6D7-BCFF-4075-B55E-59F9438639D6}.Release|Any CPU.ActiveCfg = Release|Any CPU
		{462BD6D7-BCFF-4075-B55E-59F9438639D6}.Release|Any CPU.Build.0 = Release|Any CPU
		{639994E6-E5F0-405A-8C4F-549AB92BB131}.Debug|Any CPU.ActiveCfg = Debug|Any CPU
		{639994E6-E5F0-405A-8C4F-549AB92BB131}.Debug|Any CPU.Build.0 = Debug|Any CPU
		{639994E6-E5F0-405A-8C4F-549AB92BB131}.Release|Any CPU.ActiveCfg = Release|Any CPU
		{639994E6-E5F0-405A-8C4F-549AB92BB131}.Release|Any CPU.Build.0 = Release|Any CPU
		{43D6B0BD-C0B7-4D52-909D-92759E99248A}.Debug|Any CPU.ActiveCfg = Debug|Any CPU
		{43D6B0BD-C0B7-4D52-909D-92759E99248A}.Debug|Any CPU.Build.0 = Debug|Any CPU
		{43D6B0BD-C0B7-4D52-909D-92759E99248A}.Release|Any CPU.ActiveCfg = Release|Any CPU
		{43D6B0BD-C0B7-4D52-909D-92759E99248A}.Release|Any CPU.Build.0 = Release|Any CPU
	EndGlobalSection
	GlobalSection(SolutionProperties) = preSolution
		HideSolutionNode = FALSE
	EndGlobalSection
	GlobalSection(ExtensibilityGlobals) = postSolution
		SolutionGuid = {263AC914-77D2-4D40-907A-9AB08C7D0361}
	EndGlobalSection
	GlobalSection(NestedProjects) = preSolution
		{FF90610B-7D4E-41BA-99D9-4141B715AB98} = {4532D5C9-1EF8-4B25-B7ED-2019BC201A9B}
		{38BAE47C-4776-40D6-B96E-E8BBD5F3E4D6} = {FF90610B-7D4E-41BA-99D9-4141B715AB98}
		{CBE339AB-E1CC-42D4-BFE9-E2EF8CB8110B} = {FF90610B-7D4E-41BA-99D9-4141B715AB98}
		{F5BFF0DA-CB63-44BC-AD23-D11842F3CFA3} = {4532D5C9-1EF8-4B25-B7ED-2019BC201A9B}
		{9A413576-9C8D-4BE4-9550-6E82FCADC956} = {F5BFF0DA-CB63-44BC-AD23-D11842F3CFA3}
		{17578471-6FAA-461C-834D-3CE8A757A69A} = {4532D5C9-1EF8-4B25-B7ED-2019BC201A9B}
		{19DA2169-85B0-4604-A32E-9B5E1C1417DA} = {17578471-6FAA-461C-834D-3CE8A757A69A}
		{E64FD4C7-B409-4FC3-92EE-B8BE6974CC91} = {4532D5C9-1EF8-4B25-B7ED-2019BC201A9B}
		{C62CB7E9-D30B-48E0-B488-A5C1ED9684D6} = {E64FD4C7-B409-4FC3-92EE-B8BE6974CC91}
		{4FCD0AB3-7539-4650-975C-FADCF28309AE} = {E64FD4C7-B409-4FC3-92EE-B8BE6974CC91}
		{2EC9CD80-A0CC-4834-8170-439B626DEC25} = {E64FD4C7-B409-4FC3-92EE-B8BE6974CC91}
		{A23CC726-CD18-4FBF-A65E-B389B015051B} = {E64FD4C7-B409-4FC3-92EE-B8BE6974CC91}
		{100F9CCF-72D8-4F8D-94A0-2E519231BF6A} = {E46028BE-B24C-4249-B54B-5D2B80687A32}
		{FA0185CA-9D3C-4EBA-8FD9-EE41CF55B6E9} = {1CC64C57-500B-4069-81BC-1F40A656D1A5}
		{462BD6D7-BCFF-4075-B55E-59F9438639D6} = {1CC64C57-500B-4069-81BC-1F40A656D1A5}
		{639994E6-E5F0-405A-8C4F-549AB92BB131} = {636808BA-08F8-441E-8FD6-2EC3083F25AD}
		{1CC64C57-500B-4069-81BC-1F40A656D1A5} = {DA87481D-0A5F-4EB6-ACA1-EFB3E62CC562}
		{E46028BE-B24C-4249-B54B-5D2B80687A32} = {DA87481D-0A5F-4EB6-ACA1-EFB3E62CC562}
		{4532D5C9-1EF8-4B25-B7ED-2019BC201A9B} = {DA87481D-0A5F-4EB6-ACA1-EFB3E62CC562}
		{636808BA-08F8-441E-8FD6-2EC3083F25AD} = {DA87481D-0A5F-4EB6-ACA1-EFB3E62CC562}
	EndGlobalSection
EndGlobal
