
Microsoft Visual Studio Solution File, Format Version 12.00
# Visual Studio Version 16
VisualStudioVersion = 25.0.1706.3
MinimumVisualStudioVersion = 10.0.40219.1
Project("{2150E333-8FDC-42A3-9474-1A3956D46DE8}") = "Services", "Services", "{8C698DE7-C767-497B-AED9-CAAB5F7CA8F0}"
EndProject
Project("{2150E333-8FDC-42A3-9474-1A3956D46DE8}") = "Catalog", "Catalog", "{B47D906B-CE1E-4D81-AC28-8E90DFA8C379}"
EndProject
Project("{FAE04EC0-301F-11D3-BF4B-00C04F79EFBC}") = "Catalog.API", "Services\Catalog\Catalog.API\Catalog.API.csproj", "{FA00FC50-9018-449B-A245-EF4BD68F021C}"
EndProject
Project("{E53339B2-1760-4266-BCC7-CA923CBCF16C}") = "docker-compose", "docker-compose.dcproj", "{8356E7EB-9DE0-45B1-9BEB-1D7B48BD1E80}"
EndProject
Project("{2150E333-8FDC-42A3-9474-1A3956D46DE8}") = "Basket", "Basket", "{088DAD01-FABB-4754-B8DD-EEE88B5531C6}"
EndProject
Project("{FAE04EC0-301F-11D3-BF4B-00C04F79EFBC}") = "Basket.API", "Services\Basket\Basket.API\Basket.API.csproj", "{3EBF0218-5003-4B75-9B59-C8C8B4F2F4C8}"
EndProject
Project("{2150E333-8FDC-42A3-9474-1A3956D46DE8}") = "Discount", "Discount", "{28B098CD-8F59-455A-9CC0-32FD9139CD66}"
EndProject
Project("{FAE04EC0-301F-11D3-BF4B-00C04F79EFBC}") = "Discount.API", "Services\Discount\Discount.API\Discount.API.csproj", "{46CA9F17-0AA9-4E0C-9155-4B9A5F6540D2}"
EndProject
Project("{FAE04EC0-301F-11D3-BF4B-00C04F79EFBC}") = "Discount.Grpc", "Services\Discount\Discount.Grpc\Discount.Grpc.csproj", "{A8512A76-556B-47CB-9A82-2788952BB074}"
EndProject
Project("{2150E333-8FDC-42A3-9474-1A3956D46DE8}") = "Order", "Order", "{7D070880-426A-4D3E-A7CB-CE4DE69E5DD4}"
EndProject
Project("{FAE04EC0-301F-11D3-BF4B-00C04F79EFBC}") = "Order.Domain", "Services\Order\Order.Domain\Order.Domain.csproj", "{27FE1A0A-C192-4D36-9738-3DEC5D8CF3EF}"
EndProject
Project("{FAE04EC0-301F-11D3-BF4B-00C04F79EFBC}") = "Order.Infrastructure", "Services\Order\Order.Infrastructure\Order.Infrastructure.csproj", "{F1A65907-2B15-4F25-ABC9-48B9F5739F47}"
EndProject
Project("{FAE04EC0-301F-11D3-BF4B-00C04F79EFBC}") = "Order.Rest", "Services\Order\Order.Rest\Order.Rest.csproj", "{34A21381-8F96-488E-86B1-D0413D65CD6B}"
EndProject
Project("{FAE04EC0-301F-11D3-BF4B-00C04F79EFBC}") = "Order.Application", "Services\Order\Order.Application\Order.Application.csproj", "{EB992BD5-DC94-4BA9-AF77-A105760F9A4D}"
EndProject
Project("{2150E333-8FDC-42A3-9474-1A3956D46DE8}") = "BuildingBlocks", "BuildingBlocks", "{367E64BA-4B91-46AF-806F-C9CCF02D0A34}"
EndProject
Project("{FAE04EC0-301F-11D3-BF4B-00C04F79EFBC}") = "EventBus.Messages", "BuildingBlocks\EventBus.Messages\EventBus.Messages.csproj", "{2BF25B8C-A66E-41C5-B9E8-65A89B0121B8}"
EndProject
Project("{2150E333-8FDC-42A3-9474-1A3956D46DE8}") = "ApiGateways", "ApiGateways", "{4EBB4319-28FE-437B-8EDD-9A046A0D20A1}"
EndProject
Project("{FAE04EC0-301F-11D3-BF4B-00C04F79EFBC}") = "OcelotApiGateway", "ApiGateways\OcelotApiGateway\OcelotApiGateway.csproj", "{E560D0FB-B7EE-4269-85A2-7AF65260CF76}"
EndProject
Project("{FAE04EC0-301F-11D3-BF4B-00C04F79EFBC}") = "Shopping.Aggregator", "ApiGateways\Shopping.Aggregator\Shopping.Aggregator.csproj", "{F6D17AEB-6E4E-4498-8657-9E84DABFAAA2}"
EndProject
Project("{2150E333-8FDC-42A3-9474-1A3956D46DE8}") = "WebApps", "WebApps", "{1A682798-7E6A-4BEB-A5DD-C2A75BE1461E}"
EndProject
Project("{FAE04EC0-301F-11D3-BF4B-00C04F79EFBC}") = "Shopping.WebApp", "WebApps\Shopping.WebApp\Shopping.WebApp.csproj", "{CE314756-875F-43D0-A61C-FC318CB9B623}"
EndProject
Global
	GlobalSection(SolutionConfigurationPlatforms) = preSolution
		Debug|Any CPU = Debug|Any CPU
		Release|Any CPU = Release|Any CPU
	EndGlobalSection
	GlobalSection(ProjectConfigurationPlatforms) = postSolution
		{FA00FC50-9018-449B-A245-EF4BD68F021C}.Debug|Any CPU.ActiveCfg = Debug|Any CPU
		{FA00FC50-9018-449B-A245-EF4BD68F021C}.Debug|Any CPU.Build.0 = Debug|Any CPU
		{FA00FC50-9018-449B-A245-EF4BD68F021C}.Release|Any CPU.ActiveCfg = Release|Any CPU
		{FA00FC50-9018-449B-A245-EF4BD68F021C}.Release|Any CPU.Build.0 = Release|Any CPU
		{8356E7EB-9DE0-45B1-9BEB-1D7B48BD1E80}.Debug|Any CPU.ActiveCfg = Debug|Any CPU
		{8356E7EB-9DE0-45B1-9BEB-1D7B48BD1E80}.Debug|Any CPU.Build.0 = Debug|Any CPU
		{8356E7EB-9DE0-45B1-9BEB-1D7B48BD1E80}.Release|Any CPU.ActiveCfg = Release|Any CPU
		{8356E7EB-9DE0-45B1-9BEB-1D7B48BD1E80}.Release|Any CPU.Build.0 = Release|Any CPU
		{3EBF0218-5003-4B75-9B59-C8C8B4F2F4C8}.Debug|Any CPU.ActiveCfg = Debug|Any CPU
		{3EBF0218-5003-4B75-9B59-C8C8B4F2F4C8}.Debug|Any CPU.Build.0 = Debug|Any CPU
		{3EBF0218-5003-4B75-9B59-C8C8B4F2F4C8}.Release|Any CPU.ActiveCfg = Release|Any CPU
		{3EBF0218-5003-4B75-9B59-C8C8B4F2F4C8}.Release|Any CPU.Build.0 = Release|Any CPU
		{46CA9F17-0AA9-4E0C-9155-4B9A5F6540D2}.Debug|Any CPU.ActiveCfg = Debug|Any CPU
		{46CA9F17-0AA9-4E0C-9155-4B9A5F6540D2}.Debug|Any CPU.Build.0 = Debug|Any CPU
		{46CA9F17-0AA9-4E0C-9155-4B9A5F6540D2}.Release|Any CPU.ActiveCfg = Release|Any CPU
		{46CA9F17-0AA9-4E0C-9155-4B9A5F6540D2}.Release|Any CPU.Build.0 = Release|Any CPU
		{A8512A76-556B-47CB-9A82-2788952BB074}.Debug|Any CPU.ActiveCfg = Debug|Any CPU
		{A8512A76-556B-47CB-9A82-2788952BB074}.Debug|Any CPU.Build.0 = Debug|Any CPU
		{A8512A76-556B-47CB-9A82-2788952BB074}.Release|Any CPU.ActiveCfg = Release|Any CPU
		{A8512A76-556B-47CB-9A82-2788952BB074}.Release|Any CPU.Build.0 = Release|Any CPU
		{27FE1A0A-C192-4D36-9738-3DEC5D8CF3EF}.Debug|Any CPU.ActiveCfg = Debug|Any CPU
		{27FE1A0A-C192-4D36-9738-3DEC5D8CF3EF}.Debug|Any CPU.Build.0 = Debug|Any CPU
		{27FE1A0A-C192-4D36-9738-3DEC5D8CF3EF}.Release|Any CPU.ActiveCfg = Release|Any CPU
		{27FE1A0A-C192-4D36-9738-3DEC5D8CF3EF}.Release|Any CPU.Build.0 = Release|Any CPU
		{F1A65907-2B15-4F25-ABC9-48B9F5739F47}.Debug|Any CPU.ActiveCfg = Debug|Any CPU
		{F1A65907-2B15-4F25-ABC9-48B9F5739F47}.Debug|Any CPU.Build.0 = Debug|Any CPU
		{F1A65907-2B15-4F25-ABC9-48B9F5739F47}.Release|Any CPU.ActiveCfg = Release|Any CPU
		{F1A65907-2B15-4F25-ABC9-48B9F5739F47}.Release|Any CPU.Build.0 = Release|Any CPU
		{34A21381-8F96-488E-86B1-D0413D65CD6B}.Debug|Any CPU.ActiveCfg = Debug|Any CPU
		{34A21381-8F96-488E-86B1-D0413D65CD6B}.Debug|Any CPU.Build.0 = Debug|Any CPU
		{34A21381-8F96-488E-86B1-D0413D65CD6B}.Release|Any CPU.ActiveCfg = Release|Any CPU
		{34A21381-8F96-488E-86B1-D0413D65CD6B}.Release|Any CPU.Build.0 = Release|Any CPU
		{EB992BD5-DC94-4BA9-AF77-A105760F9A4D}.Debug|Any CPU.ActiveCfg = Debug|Any CPU
		{EB992BD5-DC94-4BA9-AF77-A105760F9A4D}.Debug|Any CPU.Build.0 = Debug|Any CPU
		{EB992BD5-DC94-4BA9-AF77-A105760F9A4D}.Release|Any CPU.ActiveCfg = Release|Any CPU
		{EB992BD5-DC94-4BA9-AF77-A105760F9A4D}.Release|Any CPU.Build.0 = Release|Any CPU
		{2BF25B8C-A66E-41C5-B9E8-65A89B0121B8}.Debug|Any CPU.ActiveCfg = Debug|Any CPU
		{2BF25B8C-A66E-41C5-B9E8-65A89B0121B8}.Debug|Any CPU.Build.0 = Debug|Any CPU
		{2BF25B8C-A66E-41C5-B9E8-65A89B0121B8}.Release|Any CPU.ActiveCfg = Release|Any CPU
		{2BF25B8C-A66E-41C5-B9E8-65A89B0121B8}.Release|Any CPU.Build.0 = Release|Any CPU
		{E560D0FB-B7EE-4269-85A2-7AF65260CF76}.Debug|Any CPU.ActiveCfg = Debug|Any CPU
		{E560D0FB-B7EE-4269-85A2-7AF65260CF76}.Debug|Any CPU.Build.0 = Debug|Any CPU
		{E560D0FB-B7EE-4269-85A2-7AF65260CF76}.Release|Any CPU.ActiveCfg = Release|Any CPU
		{E560D0FB-B7EE-4269-85A2-7AF65260CF76}.Release|Any CPU.Build.0 = Release|Any CPU
		{F6D17AEB-6E4E-4498-8657-9E84DABFAAA2}.Debug|Any CPU.ActiveCfg = Debug|Any CPU
		{F6D17AEB-6E4E-4498-8657-9E84DABFAAA2}.Debug|Any CPU.Build.0 = Debug|Any CPU
		{F6D17AEB-6E4E-4498-8657-9E84DABFAAA2}.Release|Any CPU.ActiveCfg = Release|Any CPU
		{F6D17AEB-6E4E-4498-8657-9E84DABFAAA2}.Release|Any CPU.Build.0 = Release|Any CPU
		{CE314756-875F-43D0-A61C-FC318CB9B623}.Debug|Any CPU.ActiveCfg = Debug|Any CPU
		{CE314756-875F-43D0-A61C-FC318CB9B623}.Debug|Any CPU.Build.0 = Debug|Any CPU
		{CE314756-875F-43D0-A61C-FC318CB9B623}.Release|Any CPU.ActiveCfg = Release|Any CPU
		{CE314756-875F-43D0-A61C-FC318CB9B623}.Release|Any CPU.Build.0 = Release|Any CPU
	EndGlobalSection
	GlobalSection(SolutionProperties) = preSolution
		HideSolutionNode = FALSE
	EndGlobalSection
	GlobalSection(ExtensibilityGlobals) = postSolution
		SolutionGuid = {5FFA9B57-E73F-4888-B340-C9A2CDE469C3}
	EndGlobalSection
	GlobalSection(NestedProjects) = preSolution
		{B47D906B-CE1E-4D81-AC28-8E90DFA8C379} = {8C698DE7-C767-497B-AED9-CAAB5F7CA8F0}
		{FA00FC50-9018-449B-A245-EF4BD68F021C} = {B47D906B-CE1E-4D81-AC28-8E90DFA8C379}
		{088DAD01-FABB-4754-B8DD-EEE88B5531C6} = {8C698DE7-C767-497B-AED9-CAAB5F7CA8F0}
		{3EBF0218-5003-4B75-9B59-C8C8B4F2F4C8} = {088DAD01-FABB-4754-B8DD-EEE88B5531C6}
		{28B098CD-8F59-455A-9CC0-32FD9139CD66} = {8C698DE7-C767-497B-AED9-CAAB5F7CA8F0}
		{46CA9F17-0AA9-4E0C-9155-4B9A5F6540D2} = {28B098CD-8F59-455A-9CC0-32FD9139CD66}
		{A8512A76-556B-47CB-9A82-2788952BB074} = {28B098CD-8F59-455A-9CC0-32FD9139CD66}
		{7D070880-426A-4D3E-A7CB-CE4DE69E5DD4} = {8C698DE7-C767-497B-AED9-CAAB5F7CA8F0}
		{27FE1A0A-C192-4D36-9738-3DEC5D8CF3EF} = {7D070880-426A-4D3E-A7CB-CE4DE69E5DD4}
		{F1A65907-2B15-4F25-ABC9-48B9F5739F47} = {7D070880-426A-4D3E-A7CB-CE4DE69E5DD4}
		{34A21381-8F96-488E-86B1-D0413D65CD6B} = {7D070880-426A-4D3E-A7CB-CE4DE69E5DD4}
		{EB992BD5-DC94-4BA9-AF77-A105760F9A4D} = {7D070880-426A-4D3E-A7CB-CE4DE69E5DD4}
		{2BF25B8C-A66E-41C5-B9E8-65A89B0121B8} = {367E64BA-4B91-46AF-806F-C9CCF02D0A34}
		{E560D0FB-B7EE-4269-85A2-7AF65260CF76} = {4EBB4319-28FE-437B-8EDD-9A046A0D20A1}
		{F6D17AEB-6E4E-4498-8657-9E84DABFAAA2} = {4EBB4319-28FE-437B-8EDD-9A046A0D20A1}
		{CE314756-875F-43D0-A61C-FC318CB9B623} = {1A682798-7E6A-4BEB-A5DD-C2A75BE1461E}
	EndGlobalSection
EndGlobal
